
Microsoft Visual Studio Solution File, Format Version 12.00
# Visual Studio 2013
VisualStudioVersion = 12.0.31101.0
MinimumVisualStudioVersion = 10.0.40219.1
Project("{FAE04EC0-301F-11D3-BF4B-00C04F79EFBC}") = "LastMinute", "LastMinute\LastMinute.csproj", "{596B0BF6-3960-43AA-97BC-ACEA524623FF}"
EndProject
Global
	GlobalSection(SolutionConfigurationPlatforms) = preSolution
		Debug|Any CPU = Debug|Any CPU
		Release|Any CPU = Release|Any CPU
	EndGlobalSection
	GlobalSection(ProjectConfigurationPlatforms) = postSolution
		{596B0BF6-3960-43AA-97BC-ACEA524623FF}.Debug|Any CPU.ActiveCfg = Debug|Any CPU
		{596B0BF6-3960-43AA-97BC-ACEA524623FF}.Debug|Any CPU.Build.0 = Debug|Any CPU
		{596B0BF6-3960-43AA-97BC-ACEA524623FF}.Release|Any CPU.ActiveCfg = Release|Any CPU
		{596B0BF6-3960-43AA-97BC-ACEA524623FF}.Release|Any CPU.Build.0 = Release|Any CPU
	EndGlobalSection
	GlobalSection(SolutionProperties) = preSolution
		HideSolutionNode = FALSE
	EndGlobalSection
EndGlobal
